
Microsoft Visual Studio Solution File, Format Version 12.00
# Visual Studio Version 16
VisualStudioVersion = 16.0.30907.101
MinimumVisualStudioVersion = 10.0.40219.1
Project("{FAE04EC0-301F-11D3-BF4B-00C04F79EFBC}") = "word_pattern", "word_pattern\word_pattern.csproj", "{A731C97E-A9E9-4319-87A5-15AD138BC014}"
EndProject
Global
	GlobalSection(SolutionConfigurationPlatforms) = preSolution
		Debug|Any CPU = Debug|Any CPU
		Release|Any CPU = Release|Any CPU
	EndGlobalSection
	GlobalSection(ProjectConfigurationPlatforms) = postSolution
		{A731C97E-A9E9-4319-87A5-15AD138BC014}.Debug|Any CPU.ActiveCfg = Debug|Any CPU
		{A731C97E-A9E9-4319-87A5-15AD138BC014}.Debug|Any CPU.Build.0 = Debug|Any CPU
		{A731C97E-A9E9-4319-87A5-15AD138BC014}.Release|Any CPU.ActiveCfg = Release|Any CPU
		{A731C97E-A9E9-4319-87A5-15AD138BC014}.Release|Any CPU.Build.0 = Release|Any CPU
	EndGlobalSection
	GlobalSection(SolutionProperties) = preSolution
		HideSolutionNode = FALSE
	EndGlobalSection
	GlobalSection(ExtensibilityGlobals) = postSolution
		SolutionGuid = {4B3E163B-CE6D-4E24-B2B3-82CD2C8B0795}
	EndGlobalSection
EndGlobal
