
Microsoft Visual Studio Solution File, Format Version 12.00
# Visual Studio Version 16
VisualStudioVersion = 16.0.31105.61
MinimumVisualStudioVersion = 10.0.40219.1
Project("{FAE04EC0-301F-11D3-BF4B-00C04F79EFBC}") = "maximum_nesting_depth_of_the_parentheses", "maximum_nesting_depth_of_the_parentheses\maximum_nesting_depth_of_the_parentheses.csproj", "{66451FBE-F935-4B85-8EDD-4EF1DFE28D6B}"
EndProject
Global
	GlobalSection(SolutionConfigurationPlatforms) = preSolution
		Debug|Any CPU = Debug|Any CPU
		Release|Any CPU = Release|Any CPU
	EndGlobalSection
	GlobalSection(ProjectConfigurationPlatforms) = postSolution
		{66451FBE-F935-4B85-8EDD-4EF1DFE28D6B}.Debug|Any CPU.ActiveCfg = Debug|Any CPU
		{66451FBE-F935-4B85-8EDD-4EF1DFE28D6B}.Debug|Any CPU.Build.0 = Debug|Any CPU
		{66451FBE-F935-4B85-8EDD-4EF1DFE28D6B}.Release|Any CPU.ActiveCfg = Release|Any CPU
		{66451FBE-F935-4B85-8EDD-4EF1DFE28D6B}.Release|Any CPU.Build.0 = Release|Any CPU
	EndGlobalSection
	GlobalSection(SolutionProperties) = preSolution
		HideSolutionNode = FALSE
	EndGlobalSection
	GlobalSection(ExtensibilityGlobals) = postSolution
		SolutionGuid = {B846F197-1AB4-4F20-9BB8-FCF6542838C2}
	EndGlobalSection
EndGlobal
