
Microsoft Visual Studio Solution File, Format Version 12.00
# Visual Studio Version 16
VisualStudioVersion = 16.0.30907.101
MinimumVisualStudioVersion = 10.0.40219.1
Project("{FAE04EC0-301F-11D3-BF4B-00C04F79EFBC}") = "StrStr", "StrStr\StrStr.csproj", "{F26B108F-392B-49D0-ADAB-6BCFFF00EAB4}"
EndProject
Global
	GlobalSection(SolutionConfigurationPlatforms) = preSolution
		Debug|Any CPU = Debug|Any CPU
		Release|Any CPU = Release|Any CPU
	EndGlobalSection
	GlobalSection(ProjectConfigurationPlatforms) = postSolution
		{F26B108F-392B-49D0-ADAB-6BCFFF00EAB4}.Debug|Any CPU.ActiveCfg = Debug|Any CPU
		{F26B108F-392B-49D0-ADAB-6BCFFF00EAB4}.Debug|Any CPU.Build.0 = Debug|Any CPU
		{F26B108F-392B-49D0-ADAB-6BCFFF00EAB4}.Release|Any CPU.ActiveCfg = Release|Any CPU
		{F26B108F-392B-49D0-ADAB-6BCFFF00EAB4}.Release|Any CPU.Build.0 = Release|Any CPU
	EndGlobalSection
	GlobalSection(SolutionProperties) = preSolution
		HideSolutionNode = FALSE
	EndGlobalSection
	GlobalSection(ExtensibilityGlobals) = postSolution
		SolutionGuid = {E9A16F8E-3B57-477D-971C-99E1D2910D49}
	EndGlobalSection
EndGlobal
