
Microsoft Visual Studio Solution File, Format Version 12.00
# Visual Studio Version 16
VisualStudioVersion = 16.0.30907.101
MinimumVisualStudioVersion = 10.0.40219.1
Project("{FAE04EC0-301F-11D3-BF4B-00C04F79EFBC}") = "happy_number", "happy_number\happy_number.csproj", "{98741951-2798-4915-AB15-02EFFD902622}"
EndProject
Global
	GlobalSection(SolutionConfigurationPlatforms) = preSolution
		Debug|Any CPU = Debug|Any CPU
		Release|Any CPU = Release|Any CPU
	EndGlobalSection
	GlobalSection(ProjectConfigurationPlatforms) = postSolution
		{98741951-2798-4915-AB15-02EFFD902622}.Debug|Any CPU.ActiveCfg = Debug|Any CPU
		{98741951-2798-4915-AB15-02EFFD902622}.Debug|Any CPU.Build.0 = Debug|Any CPU
		{98741951-2798-4915-AB15-02EFFD902622}.Release|Any CPU.ActiveCfg = Release|Any CPU
		{98741951-2798-4915-AB15-02EFFD902622}.Release|Any CPU.Build.0 = Release|Any CPU
	EndGlobalSection
	GlobalSection(SolutionProperties) = preSolution
		HideSolutionNode = FALSE
	EndGlobalSection
	GlobalSection(ExtensibilityGlobals) = postSolution
		SolutionGuid = {F2D6531F-8D83-45F8-9D39-63510D2B137A}
	EndGlobalSection
EndGlobal
