
Microsoft Visual Studio Solution File, Format Version 12.00
# Visual Studio Version 16
VisualStudioVersion = 16.0.31129.286
MinimumVisualStudioVersion = 10.0.40219.1
Project("{FAE04EC0-301F-11D3-BF4B-00C04F79EFBC}") = "string_compression", "string_compression\string_compression.csproj", "{F41F58EE-2E85-4B24-AAF4-C5FBD165A7DA}"
EndProject
Global
	GlobalSection(SolutionConfigurationPlatforms) = preSolution
		Debug|Any CPU = Debug|Any CPU
		Release|Any CPU = Release|Any CPU
	EndGlobalSection
	GlobalSection(ProjectConfigurationPlatforms) = postSolution
		{F41F58EE-2E85-4B24-AAF4-C5FBD165A7DA}.Debug|Any CPU.ActiveCfg = Debug|Any CPU
		{F41F58EE-2E85-4B24-AAF4-C5FBD165A7DA}.Debug|Any CPU.Build.0 = Debug|Any CPU
		{F41F58EE-2E85-4B24-AAF4-C5FBD165A7DA}.Release|Any CPU.ActiveCfg = Release|Any CPU
		{F41F58EE-2E85-4B24-AAF4-C5FBD165A7DA}.Release|Any CPU.Build.0 = Release|Any CPU
	EndGlobalSection
	GlobalSection(SolutionProperties) = preSolution
		HideSolutionNode = FALSE
	EndGlobalSection
	GlobalSection(ExtensibilityGlobals) = postSolution
		SolutionGuid = {C91ABA78-D985-4A5F-98FA-36679B754A13}
	EndGlobalSection
EndGlobal
