
Microsoft Visual Studio Solution File, Format Version 12.00
# Visual Studio Version 16
VisualStudioVersion = 16.0.30907.101
MinimumVisualStudioVersion = 10.0.40219.1
Project("{FAE04EC0-301F-11D3-BF4B-00C04F79EFBC}") = "single_number", "single_number\single_number.csproj", "{66F6FE1F-76A4-4A7E-BADC-9FEE78DF6412}"
EndProject
Global
	GlobalSection(SolutionConfigurationPlatforms) = preSolution
		Debug|Any CPU = Debug|Any CPU
		Release|Any CPU = Release|Any CPU
	EndGlobalSection
	GlobalSection(ProjectConfigurationPlatforms) = postSolution
		{66F6FE1F-76A4-4A7E-BADC-9FEE78DF6412}.Debug|Any CPU.ActiveCfg = Debug|Any CPU
		{66F6FE1F-76A4-4A7E-BADC-9FEE78DF6412}.Debug|Any CPU.Build.0 = Debug|Any CPU
		{66F6FE1F-76A4-4A7E-BADC-9FEE78DF6412}.Release|Any CPU.ActiveCfg = Release|Any CPU
		{66F6FE1F-76A4-4A7E-BADC-9FEE78DF6412}.Release|Any CPU.Build.0 = Release|Any CPU
	EndGlobalSection
	GlobalSection(SolutionProperties) = preSolution
		HideSolutionNode = FALSE
	EndGlobalSection
	GlobalSection(ExtensibilityGlobals) = postSolution
		SolutionGuid = {1DFEDC8A-5671-4FD4-903A-B7507B540C2D}
	EndGlobalSection
EndGlobal
