
Microsoft Visual Studio Solution File, Format Version 12.00
# Visual Studio Version 16
VisualStudioVersion = 16.0.31105.61
MinimumVisualStudioVersion = 10.0.40219.1
Project("{FAE04EC0-301F-11D3-BF4B-00C04F79EFBC}") = "square_sorted_array", "square_sorted_array\square_sorted_array.csproj", "{F5AB281C-58EE-407B-92EF-39020CE3351E}"
EndProject
Global
	GlobalSection(SolutionConfigurationPlatforms) = preSolution
		Debug|Any CPU = Debug|Any CPU
		Release|Any CPU = Release|Any CPU
	EndGlobalSection
	GlobalSection(ProjectConfigurationPlatforms) = postSolution
		{F5AB281C-58EE-407B-92EF-39020CE3351E}.Debug|Any CPU.ActiveCfg = Debug|Any CPU
		{F5AB281C-58EE-407B-92EF-39020CE3351E}.Debug|Any CPU.Build.0 = Debug|Any CPU
		{F5AB281C-58EE-407B-92EF-39020CE3351E}.Release|Any CPU.ActiveCfg = Release|Any CPU
		{F5AB281C-58EE-407B-92EF-39020CE3351E}.Release|Any CPU.Build.0 = Release|Any CPU
	EndGlobalSection
	GlobalSection(SolutionProperties) = preSolution
		HideSolutionNode = FALSE
	EndGlobalSection
	GlobalSection(ExtensibilityGlobals) = postSolution
		SolutionGuid = {BEE1F7C9-01ED-45F8-BD3D-EED32692E803}
	EndGlobalSection
EndGlobal
