
Microsoft Visual Studio Solution File, Format Version 12.00
# Visual Studio Version 16
VisualStudioVersion = 16.0.30907.101
MinimumVisualStudioVersion = 10.0.40219.1
Project("{FAE04EC0-301F-11D3-BF4B-00C04F79EFBC}") = "reverse_vowel_letters", "reverse_vowel_letters\reverse_vowel_letters.csproj", "{F712B278-9CD7-42D8-A3A8-9EF3F34F5B96}"
EndProject
Global
	GlobalSection(SolutionConfigurationPlatforms) = preSolution
		Debug|Any CPU = Debug|Any CPU
		Release|Any CPU = Release|Any CPU
	EndGlobalSection
	GlobalSection(ProjectConfigurationPlatforms) = postSolution
		{F712B278-9CD7-42D8-A3A8-9EF3F34F5B96}.Debug|Any CPU.ActiveCfg = Debug|Any CPU
		{F712B278-9CD7-42D8-A3A8-9EF3F34F5B96}.Debug|Any CPU.Build.0 = Debug|Any CPU
		{F712B278-9CD7-42D8-A3A8-9EF3F34F5B96}.Release|Any CPU.ActiveCfg = Release|Any CPU
		{F712B278-9CD7-42D8-A3A8-9EF3F34F5B96}.Release|Any CPU.Build.0 = Release|Any CPU
	EndGlobalSection
	GlobalSection(SolutionProperties) = preSolution
		HideSolutionNode = FALSE
	EndGlobalSection
	GlobalSection(ExtensibilityGlobals) = postSolution
		SolutionGuid = {34BAAE04-C4CB-4F74-9954-64C227269531}
	EndGlobalSection
EndGlobal
