
Microsoft Visual Studio Solution File, Format Version 12.00
# Visual Studio Version 16
VisualStudioVersion = 16.0.31105.61
MinimumVisualStudioVersion = 10.0.40219.1
Project("{FAE04EC0-301F-11D3-BF4B-00C04F79EFBC}") = "make_valid_palindrome", "make_valid_palindrome\make_valid_palindrome.csproj", "{FCADC690-A733-4CA9-B687-1937D1C6B807}"
EndProject
Global
	GlobalSection(SolutionConfigurationPlatforms) = preSolution
		Debug|Any CPU = Debug|Any CPU
		Release|Any CPU = Release|Any CPU
	EndGlobalSection
	GlobalSection(ProjectConfigurationPlatforms) = postSolution
		{FCADC690-A733-4CA9-B687-1937D1C6B807}.Debug|Any CPU.ActiveCfg = Debug|Any CPU
		{FCADC690-A733-4CA9-B687-1937D1C6B807}.Debug|Any CPU.Build.0 = Debug|Any CPU
		{FCADC690-A733-4CA9-B687-1937D1C6B807}.Release|Any CPU.ActiveCfg = Release|Any CPU
		{FCADC690-A733-4CA9-B687-1937D1C6B807}.Release|Any CPU.Build.0 = Release|Any CPU
	EndGlobalSection
	GlobalSection(SolutionProperties) = preSolution
		HideSolutionNode = FALSE
	EndGlobalSection
	GlobalSection(ExtensibilityGlobals) = postSolution
		SolutionGuid = {B359138A-7ABF-42DD-A655-1F47FD52AB21}
	EndGlobalSection
EndGlobal
