
Microsoft Visual Studio Solution File, Format Version 12.00
# Visual Studio Version 16
VisualStudioVersion = 16.0.30907.101
MinimumVisualStudioVersion = 10.0.40219.1
Project("{FAE04EC0-301F-11D3-BF4B-00C04F79EFBC}") = "max_sum_sub_array_sizek", "max_sum_sub_array_sizek\max_sum_sub_array_sizek.csproj", "{9ECA4342-DC81-426B-A37B-83426A828266}"
EndProject
Global
	GlobalSection(SolutionConfigurationPlatforms) = preSolution
		Debug|Any CPU = Debug|Any CPU
		Release|Any CPU = Release|Any CPU
	EndGlobalSection
	GlobalSection(ProjectConfigurationPlatforms) = postSolution
		{9ECA4342-DC81-426B-A37B-83426A828266}.Debug|Any CPU.ActiveCfg = Debug|Any CPU
		{9ECA4342-DC81-426B-A37B-83426A828266}.Debug|Any CPU.Build.0 = Debug|Any CPU
		{9ECA4342-DC81-426B-A37B-83426A828266}.Release|Any CPU.ActiveCfg = Release|Any CPU
		{9ECA4342-DC81-426B-A37B-83426A828266}.Release|Any CPU.Build.0 = Release|Any CPU
	EndGlobalSection
	GlobalSection(SolutionProperties) = preSolution
		HideSolutionNode = FALSE
	EndGlobalSection
	GlobalSection(ExtensibilityGlobals) = postSolution
		SolutionGuid = {E8DA9CB1-54BB-497D-AEE4-D27662621EBC}
	EndGlobalSection
EndGlobal
