
Microsoft Visual Studio Solution File, Format Version 12.00
# Visual Studio Version 16
VisualStudioVersion = 16.0.30804.86
MinimumVisualStudioVersion = 10.0.40219.1
Project("{FAE04EC0-301F-11D3-BF4B-00C04F79EFBC}") = "merge_sorted_arrays", "merge_sorted_arrays\merge_sorted_arrays.csproj", "{FBBBDB78-A85C-45B5-91E5-3E453ABD05B9}"
EndProject
Global
	GlobalSection(SolutionConfigurationPlatforms) = preSolution
		Debug|Any CPU = Debug|Any CPU
		Release|Any CPU = Release|Any CPU
	EndGlobalSection
	GlobalSection(ProjectConfigurationPlatforms) = postSolution
		{FBBBDB78-A85C-45B5-91E5-3E453ABD05B9}.Debug|Any CPU.ActiveCfg = Debug|Any CPU
		{FBBBDB78-A85C-45B5-91E5-3E453ABD05B9}.Debug|Any CPU.Build.0 = Debug|Any CPU
		{FBBBDB78-A85C-45B5-91E5-3E453ABD05B9}.Release|Any CPU.ActiveCfg = Release|Any CPU
		{FBBBDB78-A85C-45B5-91E5-3E453ABD05B9}.Release|Any CPU.Build.0 = Release|Any CPU
	EndGlobalSection
	GlobalSection(SolutionProperties) = preSolution
		HideSolutionNode = FALSE
	EndGlobalSection
	GlobalSection(ExtensibilityGlobals) = postSolution
		SolutionGuid = {FB94D732-94DF-4B73-BDF4-C3D86ABC6F4A}
	EndGlobalSection
EndGlobal
