
Microsoft Visual Studio Solution File, Format Version 12.00
# Visual Studio Version 16
VisualStudioVersion = 16.0.31105.61
MinimumVisualStudioVersion = 10.0.40219.1
Project("{FAE04EC0-301F-11D3-BF4B-00C04F79EFBC}") = "unique_morse_code_strings", "unique_morse_code_strings\unique_morse_code_strings.csproj", "{F8DBAFB3-ABC3-4C24-89A3-1575396459F2}"
EndProject
Global
	GlobalSection(SolutionConfigurationPlatforms) = preSolution
		Debug|Any CPU = Debug|Any CPU
		Release|Any CPU = Release|Any CPU
	EndGlobalSection
	GlobalSection(ProjectConfigurationPlatforms) = postSolution
		{F8DBAFB3-ABC3-4C24-89A3-1575396459F2}.Debug|Any CPU.ActiveCfg = Debug|Any CPU
		{F8DBAFB3-ABC3-4C24-89A3-1575396459F2}.Debug|Any CPU.Build.0 = Debug|Any CPU
		{F8DBAFB3-ABC3-4C24-89A3-1575396459F2}.Release|Any CPU.ActiveCfg = Release|Any CPU
		{F8DBAFB3-ABC3-4C24-89A3-1575396459F2}.Release|Any CPU.Build.0 = Release|Any CPU
	EndGlobalSection
	GlobalSection(SolutionProperties) = preSolution
		HideSolutionNode = FALSE
	EndGlobalSection
	GlobalSection(ExtensibilityGlobals) = postSolution
		SolutionGuid = {B484F6E1-D4C3-421B-B8E5-BFB376A3222A}
	EndGlobalSection
EndGlobal
