
Microsoft Visual Studio Solution File, Format Version 12.00
# Visual Studio Version 16
VisualStudioVersion = 16.0.31105.61
MinimumVisualStudioVersion = 10.0.40219.1
Project("{FAE04EC0-301F-11D3-BF4B-00C04F79EFBC}") = "unique_email_addresses", "unique_email_addresses\unique_email_addresses.csproj", "{FFC34592-12E3-4C10-82A4-78B7400E912B}"
EndProject
Global
	GlobalSection(SolutionConfigurationPlatforms) = preSolution
		Debug|Any CPU = Debug|Any CPU
		Release|Any CPU = Release|Any CPU
	EndGlobalSection
	GlobalSection(ProjectConfigurationPlatforms) = postSolution
		{FFC34592-12E3-4C10-82A4-78B7400E912B}.Debug|Any CPU.ActiveCfg = Debug|Any CPU
		{FFC34592-12E3-4C10-82A4-78B7400E912B}.Debug|Any CPU.Build.0 = Debug|Any CPU
		{FFC34592-12E3-4C10-82A4-78B7400E912B}.Release|Any CPU.ActiveCfg = Release|Any CPU
		{FFC34592-12E3-4C10-82A4-78B7400E912B}.Release|Any CPU.Build.0 = Release|Any CPU
	EndGlobalSection
	GlobalSection(SolutionProperties) = preSolution
		HideSolutionNode = FALSE
	EndGlobalSection
	GlobalSection(ExtensibilityGlobals) = postSolution
		SolutionGuid = {658C2F9C-F582-464E-BD07-12BA221066CE}
	EndGlobalSection
EndGlobal
