
Microsoft Visual Studio Solution File, Format Version 12.00
# Visual Studio Version 16
VisualStudioVersion = 16.0.31105.61
MinimumVisualStudioVersion = 10.0.40219.1
Project("{FAE04EC0-301F-11D3-BF4B-00C04F79EFBC}") = "container_with_most_water", "container_with_most_water\container_with_most_water.csproj", "{FC127B03-7FA0-45E8-9671-09E3423B1BAB}"
EndProject
Global
	GlobalSection(SolutionConfigurationPlatforms) = preSolution
		Debug|Any CPU = Debug|Any CPU
		Release|Any CPU = Release|Any CPU
	EndGlobalSection
	GlobalSection(ProjectConfigurationPlatforms) = postSolution
		{FC127B03-7FA0-45E8-9671-09E3423B1BAB}.Debug|Any CPU.ActiveCfg = Debug|Any CPU
		{FC127B03-7FA0-45E8-9671-09E3423B1BAB}.Debug|Any CPU.Build.0 = Debug|Any CPU
		{FC127B03-7FA0-45E8-9671-09E3423B1BAB}.Release|Any CPU.ActiveCfg = Release|Any CPU
		{FC127B03-7FA0-45E8-9671-09E3423B1BAB}.Release|Any CPU.Build.0 = Release|Any CPU
	EndGlobalSection
	GlobalSection(SolutionProperties) = preSolution
		HideSolutionNode = FALSE
	EndGlobalSection
	GlobalSection(ExtensibilityGlobals) = postSolution
		SolutionGuid = {173F15E9-6052-43F8-B4EE-1F82D758DADB}
	EndGlobalSection
EndGlobal
