
Microsoft Visual Studio Solution File, Format Version 12.00
# Visual Studio Version 16
VisualStudioVersion = 16.0.31105.61
MinimumVisualStudioVersion = 10.0.40219.1
Project("{FAE04EC0-301F-11D3-BF4B-00C04F79EFBC}") = "decrypt_string_from_alphabet_to_integer_mapping", "decrypt_string_from_alphabet_to_integer_mapping\decrypt_string_from_alphabet_to_integer_mapping.csproj", "{6B7AD60F-1B4B-410C-B52F-9F9EB14F8170}"
EndProject
Global
	GlobalSection(SolutionConfigurationPlatforms) = preSolution
		Debug|Any CPU = Debug|Any CPU
		Release|Any CPU = Release|Any CPU
	EndGlobalSection
	GlobalSection(ProjectConfigurationPlatforms) = postSolution
		{6B7AD60F-1B4B-410C-B52F-9F9EB14F8170}.Debug|Any CPU.ActiveCfg = Debug|Any CPU
		{6B7AD60F-1B4B-410C-B52F-9F9EB14F8170}.Debug|Any CPU.Build.0 = Debug|Any CPU
		{6B7AD60F-1B4B-410C-B52F-9F9EB14F8170}.Release|Any CPU.ActiveCfg = Release|Any CPU
		{6B7AD60F-1B4B-410C-B52F-9F9EB14F8170}.Release|Any CPU.Build.0 = Release|Any CPU
	EndGlobalSection
	GlobalSection(SolutionProperties) = preSolution
		HideSolutionNode = FALSE
	EndGlobalSection
	GlobalSection(ExtensibilityGlobals) = postSolution
		SolutionGuid = {CD59F674-5BA7-4872-B63D-3D48AB0986DA}
	EndGlobalSection
EndGlobal
