
Microsoft Visual Studio Solution File, Format Version 12.00
# Visual Studio Version 16
VisualStudioVersion = 16.0.30907.101
MinimumVisualStudioVersion = 10.0.40219.1
Project("{FAE04EC0-301F-11D3-BF4B-00C04F79EFBC}") = "intersection_arrays_2", "intersection_arrays_2\intersection_arrays_2.csproj", "{139AE22C-D7C1-46E6-892E-C879A9F075EE}"
EndProject
Global
	GlobalSection(SolutionConfigurationPlatforms) = preSolution
		Debug|Any CPU = Debug|Any CPU
		Release|Any CPU = Release|Any CPU
	EndGlobalSection
	GlobalSection(ProjectConfigurationPlatforms) = postSolution
		{139AE22C-D7C1-46E6-892E-C879A9F075EE}.Debug|Any CPU.ActiveCfg = Debug|Any CPU
		{139AE22C-D7C1-46E6-892E-C879A9F075EE}.Debug|Any CPU.Build.0 = Debug|Any CPU
		{139AE22C-D7C1-46E6-892E-C879A9F075EE}.Release|Any CPU.ActiveCfg = Release|Any CPU
		{139AE22C-D7C1-46E6-892E-C879A9F075EE}.Release|Any CPU.Build.0 = Release|Any CPU
	EndGlobalSection
	GlobalSection(SolutionProperties) = preSolution
		HideSolutionNode = FALSE
	EndGlobalSection
	GlobalSection(ExtensibilityGlobals) = postSolution
		SolutionGuid = {BBDD1888-0E05-4369-9730-D186198495CF}
	EndGlobalSection
EndGlobal
