
Microsoft Visual Studio Solution File, Format Version 12.00
# Visual Studio Version 16
VisualStudioVersion = 16.0.30907.101
MinimumVisualStudioVersion = 10.0.40219.1
Project("{FAE04EC0-301F-11D3-BF4B-00C04F79EFBC}") = "isomorphic_strings", "isomorphic_strings\isomorphic_strings.csproj", "{AC270B2B-F296-47CD-9743-D77E5EE9FB96}"
EndProject
Global
	GlobalSection(SolutionConfigurationPlatforms) = preSolution
		Debug|Any CPU = Debug|Any CPU
		Release|Any CPU = Release|Any CPU
	EndGlobalSection
	GlobalSection(ProjectConfigurationPlatforms) = postSolution
		{AC270B2B-F296-47CD-9743-D77E5EE9FB96}.Debug|Any CPU.ActiveCfg = Debug|Any CPU
		{AC270B2B-F296-47CD-9743-D77E5EE9FB96}.Debug|Any CPU.Build.0 = Debug|Any CPU
		{AC270B2B-F296-47CD-9743-D77E5EE9FB96}.Release|Any CPU.ActiveCfg = Release|Any CPU
		{AC270B2B-F296-47CD-9743-D77E5EE9FB96}.Release|Any CPU.Build.0 = Release|Any CPU
	EndGlobalSection
	GlobalSection(SolutionProperties) = preSolution
		HideSolutionNode = FALSE
	EndGlobalSection
	GlobalSection(ExtensibilityGlobals) = postSolution
		SolutionGuid = {928B3D97-2489-4071-AA66-3FF84B7A6288}
	EndGlobalSection
EndGlobal
