
Microsoft Visual Studio Solution File, Format Version 12.00
# Visual Studio Version 16
VisualStudioVersion = 16.0.30907.101
MinimumVisualStudioVersion = 10.0.40219.1
Project("{FAE04EC0-301F-11D3-BF4B-00C04F79EFBC}") = "subdomain_visit_count", "subdomain_visit_count\subdomain_visit_count.csproj", "{6339A618-43F7-408E-9232-0C454E38E0E8}"
EndProject
Global
	GlobalSection(SolutionConfigurationPlatforms) = preSolution
		Debug|Any CPU = Debug|Any CPU
		Release|Any CPU = Release|Any CPU
	EndGlobalSection
	GlobalSection(ProjectConfigurationPlatforms) = postSolution
		{6339A618-43F7-408E-9232-0C454E38E0E8}.Debug|Any CPU.ActiveCfg = Debug|Any CPU
		{6339A618-43F7-408E-9232-0C454E38E0E8}.Debug|Any CPU.Build.0 = Debug|Any CPU
		{6339A618-43F7-408E-9232-0C454E38E0E8}.Release|Any CPU.ActiveCfg = Release|Any CPU
		{6339A618-43F7-408E-9232-0C454E38E0E8}.Release|Any CPU.Build.0 = Release|Any CPU
	EndGlobalSection
	GlobalSection(SolutionProperties) = preSolution
		HideSolutionNode = FALSE
	EndGlobalSection
	GlobalSection(ExtensibilityGlobals) = postSolution
		SolutionGuid = {387AE6BB-1343-4573-A745-CA978FF55ED5}
	EndGlobalSection
EndGlobal
